
Microsoft Visual Studio Solution File, Format Version 12.00
# Visual Studio Version 17
VisualStudioVersion = 17.10.34928.147
MinimumVisualStudioVersion = 10.0.40219.1
Project("{FAE04EC0-301F-11D3-BF4B-00C04F79EFBC}") = "Appointment Management System", "Appointment Management System.csproj", "{D8559161-E146-4E3A-8B5A-0E30A2FCFA4F}"
EndProject
Global
	GlobalSection(SolutionConfigurationPlatforms) = preSolution
		Debug|Any CPU = Debug|Any CPU
		Release|Any CPU = Release|Any CPU
	EndGlobalSection
	GlobalSection(ProjectConfigurationPlatforms) = postSolution
		{D8559161-E146-4E3A-8B5A-0E30A2FCFA4F}.Debug|Any CPU.ActiveCfg = Debug|Any CPU
		{D8559161-E146-4E3A-8B5A-0E30A2FCFA4F}.Debug|Any CPU.Build.0 = Debug|Any CPU
		{D8559161-E146-4E3A-8B5A-0E30A2FCFA4F}.Release|Any CPU.ActiveCfg = Release|Any CPU
		{D8559161-E146-4E3A-8B5A-0E30A2FCFA4F}.Release|Any CPU.Build.0 = Release|Any CPU
	EndGlobalSection
	GlobalSection(SolutionProperties) = preSolution
		HideSolutionNode = FALSE
	EndGlobalSection
	GlobalSection(ExtensibilityGlobals) = postSolution
		SolutionGuid = {2CF100A7-D480-44C7-BE8C-48CEBD559A77}
	EndGlobalSection
EndGlobal
